
Microsoft Visual Studio Solution File, Format Version 12.00
# Visual Studio Version 16
VisualStudioVersion = 16.0.31729.503
MinimumVisualStudioVersion = 10.0.40219.1
Project("{FAE04EC0-301F-11D3-BF4B-00C04F79EFBC}") = "Input Assignment", "Input Assignment.csproj", "{882FB7CB-92A4-4D89-A307-DE6FC8660532}"
EndProject
Global
	GlobalSection(SolutionConfigurationPlatforms) = preSolution
		Debug|Any CPU = Debug|Any CPU
		Release|Any CPU = Release|Any CPU
	EndGlobalSection
	GlobalSection(ProjectConfigurationPlatforms) = postSolution
		{882FB7CB-92A4-4D89-A307-DE6FC8660532}.Debug|Any CPU.ActiveCfg = Debug|Any CPU
		{882FB7CB-92A4-4D89-A307-DE6FC8660532}.Debug|Any CPU.Build.0 = Debug|Any CPU
		{882FB7CB-92A4-4D89-A307-DE6FC8660532}.Release|Any CPU.ActiveCfg = Release|Any CPU
		{882FB7CB-92A4-4D89-A307-DE6FC8660532}.Release|Any CPU.Build.0 = Release|Any CPU
	EndGlobalSection
	GlobalSection(SolutionProperties) = preSolution
		HideSolutionNode = FALSE
	EndGlobalSection
	GlobalSection(ExtensibilityGlobals) = postSolution
		SolutionGuid = {77FABE4F-5259-43E4-A4B2-A32960B2C5C5}
	EndGlobalSection
EndGlobal
