
Microsoft Visual Studio Solution File, Format Version 12.00
# Visual Studio Version 16
VisualStudioVersion = 16.0.31624.102
MinimumVisualStudioVersion = 10.0.40219.1
Project("{FAE04EC0-301F-11D3-BF4B-00C04F79EFBC}") = "Polymorphism", "Polymorphism.csproj", "{955A70EA-7FD6-40DF-AA12-25A51E1DC19A}"
EndProject
Global
	GlobalSection(SolutionConfigurationPlatforms) = preSolution
		Debug|Any CPU = Debug|Any CPU
		Release|Any CPU = Release|Any CPU
	EndGlobalSection
	GlobalSection(ProjectConfigurationPlatforms) = postSolution
		{955A70EA-7FD6-40DF-AA12-25A51E1DC19A}.Debug|Any CPU.ActiveCfg = Debug|Any CPU
		{955A70EA-7FD6-40DF-AA12-25A51E1DC19A}.Debug|Any CPU.Build.0 = Debug|Any CPU
		{955A70EA-7FD6-40DF-AA12-25A51E1DC19A}.Release|Any CPU.ActiveCfg = Release|Any CPU
		{955A70EA-7FD6-40DF-AA12-25A51E1DC19A}.Release|Any CPU.Build.0 = Release|Any CPU
	EndGlobalSection
	GlobalSection(SolutionProperties) = preSolution
		HideSolutionNode = FALSE
	EndGlobalSection
	GlobalSection(ExtensibilityGlobals) = postSolution
		SolutionGuid = {03DC9B1F-5D8C-4F22-972F-0B0B463CE947}
	EndGlobalSection
EndGlobal
